
Microsoft Visual Studio Solution File, Format Version 12.00
# Visual Studio Version 17
VisualStudioVersion = 17.14.36811.4 d17.14
MinimumVisualStudioVersion = 10.0.40219.1
Project("{FAE04EC0-301F-11D3-BF4B-00C04F79EFBC}") = "Ticket_System_Backend", "Ticket_System_Backend\Ticket_System_Backend.csproj", "{7145D2AF-3177-4491-AD94-F25A26821F59}"
EndProject
Project("{FAE04EC0-301F-11D3-BF4B-00C04F79EFBC}") = "Ticket_System_App", "Ticket_System_App\Ticket_System_App.csproj", "{81BF0A66-DE1E-49EF-BA1B-00803A9F5505}"
EndProject
Global
	GlobalSection(SolutionConfigurationPlatforms) = preSolution
		Debug|Any CPU = Debug|Any CPU
		Release|Any CPU = Release|Any CPU
	EndGlobalSection
	GlobalSection(ProjectConfigurationPlatforms) = postSolution
		{7145D2AF-3177-4491-AD94-F25A26821F59}.Debug|Any CPU.ActiveCfg = Debug|Any CPU
		{7145D2AF-3177-4491-AD94-F25A26821F59}.Debug|Any CPU.Build.0 = Debug|Any CPU
		{7145D2AF-3177-4491-AD94-F25A26821F59}.Release|Any CPU.ActiveCfg = Release|Any CPU
		{7145D2AF-3177-4491-AD94-F25A26821F59}.Release|Any CPU.Build.0 = Release|Any CPU
		{81BF0A66-DE1E-49EF-BA1B-00803A9F5505}.Debug|Any CPU.ActiveCfg = Debug|Any CPU
		{81BF0A66-DE1E-49EF-BA1B-00803A9F5505}.Debug|Any CPU.Build.0 = Debug|Any CPU
		{81BF0A66-DE1E-49EF-BA1B-00803A9F5505}.Release|Any CPU.ActiveCfg = Release|Any CPU
		{81BF0A66-DE1E-49EF-BA1B-00803A9F5505}.Release|Any CPU.Build.0 = Release|Any CPU
	EndGlobalSection
	GlobalSection(SolutionProperties) = preSolution
		HideSolutionNode = FALSE
	EndGlobalSection
	GlobalSection(ExtensibilityGlobals) = postSolution
		SolutionGuid = {F2B997D6-4643-40AE-9EA3-98BD816008A2}
	EndGlobalSection
EndGlobal
